<?xml version="1.0" encoding="utf-8"?>
<Project ToolsVersion="4.0" xmlns="http://schemas.microsoft.com/developer/msbuild/2003">
  <ItemGroup>
    <Filter Include="Source Files">
      <UniqueIdentifier>{7a74a214-8dd8-400a-9827-04fca8d265a2}</UniqueIdentifier>
      <Extensions>cpp;c;cxx;rc;def;r;odl;idl;hpj;bat</Extensions>
    </Filter>
    <Filter Include="Header Files">
      <UniqueIdentifier>{303b22b2-3763-4efc-9537-dffb83703723}</UniqueIdentifier>
      <Extensions>h;hpp;hxx;hm;inl</Extensions>
    </Filter>
  </ItemGroup>
  <ItemGroup>
    <ClCompile Include="Serial.cpp">
      <Filter>Source Files</Filter>
    </ClCompile>
    <ClCompile Include="SerialEx.cpp">
      <Filter>Source Files</Filter>
    </ClCompile>
    <ClCompile Include="SerialWnd.cpp">
      <Filter>Source Files</Filter>
    </ClCompile>
  </ItemGroup>
  <ItemGroup>
    <ClInclude Include="Serial.h">
      <Filter>Header Files</Filter>
    </ClInclude>
    <ClInclude Include="SerialEx.h">
      <Filter>Header Files</Filter>
    </ClInclude>
    <ClInclude Include="SerialMFC.h">
      <Filter>Header Files</Filter>
    </ClInclude>
    <ClInclude Include="SerialWnd.h">
      <Filter>Header Files</Filter>
    </ClInclude>
  </ItemGroup>
</Project>